
Microsoft Visual Studio Solution File, Format Version 12.00
# Visual Studio 14
VisualStudioVersion = 14.0.25420.1
MinimumVisualStudioVersion = 10.0.40219.1
Project("{FAE04EC0-301F-11D3-BF4B-00C04F79EFBC}") = "FileSender", "FileSender\FileSender.csproj", "{4E64BBC6-BFDB-40FB-AF8F-635A44C10AAC}"
EndProject
Project("{2150E333-8FDC-42A3-9474-1A3956D46DE8}") = "Solution Items", "Solution Items", "{2304D684-6BAC-43D8-BBBC-B87A80E5BAC8}"
	ProjectSection(SolutionItems) = preProject
		asaFileAnalyzer.sql = asaFileAnalyzer.sql
		readme.txt = readme.txt
	EndProjectSection
EndProject
Project("{FAE04EC0-301F-11D3-BF4B-00C04F79EFBC}") = "CsvGenerator", "CsvGenerator\CsvGenerator.csproj", "{9578F4C4-7CA5-4998-8B1D-3E3EE8975564}"
EndProject
Project("{FAE04EC0-301F-11D3-BF4B-00C04F79EFBC}") = "FileProcessorFunction", "FileProcessorFunction\FileProcessorFunction.csproj", "{3B094CCF-BA3C-4DDE-9568-72B5331275DC}"
EndProject
Project("{151D2E53-A2C4-4D7D-83FE-D05416EBD58E}") = "AzureDeployment", "AzureDeployment\AzureDeployment.deployproj", "{E8EC3F64-7A9F-44FC-83EE-09A5EA779617}"
EndProject
Global
	GlobalSection(SolutionConfigurationPlatforms) = preSolution
		Debug|Any CPU = Debug|Any CPU
		Release|Any CPU = Release|Any CPU
	EndGlobalSection
	GlobalSection(ProjectConfigurationPlatforms) = postSolution
		{4E64BBC6-BFDB-40FB-AF8F-635A44C10AAC}.Debug|Any CPU.ActiveCfg = Debug|Any CPU
		{4E64BBC6-BFDB-40FB-AF8F-635A44C10AAC}.Debug|Any CPU.Build.0 = Debug|Any CPU
		{4E64BBC6-BFDB-40FB-AF8F-635A44C10AAC}.Release|Any CPU.ActiveCfg = Release|Any CPU
		{4E64BBC6-BFDB-40FB-AF8F-635A44C10AAC}.Release|Any CPU.Build.0 = Release|Any CPU
		{9578F4C4-7CA5-4998-8B1D-3E3EE8975564}.Debug|Any CPU.ActiveCfg = Debug|Any CPU
		{9578F4C4-7CA5-4998-8B1D-3E3EE8975564}.Debug|Any CPU.Build.0 = Debug|Any CPU
		{9578F4C4-7CA5-4998-8B1D-3E3EE8975564}.Release|Any CPU.ActiveCfg = Release|Any CPU
		{9578F4C4-7CA5-4998-8B1D-3E3EE8975564}.Release|Any CPU.Build.0 = Release|Any CPU
		{3B094CCF-BA3C-4DDE-9568-72B5331275DC}.Debug|Any CPU.ActiveCfg = Debug|Any CPU
		{3B094CCF-BA3C-4DDE-9568-72B5331275DC}.Debug|Any CPU.Build.0 = Debug|Any CPU
		{3B094CCF-BA3C-4DDE-9568-72B5331275DC}.Release|Any CPU.ActiveCfg = Release|Any CPU
		{3B094CCF-BA3C-4DDE-9568-72B5331275DC}.Release|Any CPU.Build.0 = Release|Any CPU
		{E8EC3F64-7A9F-44FC-83EE-09A5EA779617}.Debug|Any CPU.ActiveCfg = Debug|Any CPU
		{E8EC3F64-7A9F-44FC-83EE-09A5EA779617}.Debug|Any CPU.Build.0 = Debug|Any CPU
		{E8EC3F64-7A9F-44FC-83EE-09A5EA779617}.Release|Any CPU.ActiveCfg = Release|Any CPU
		{E8EC3F64-7A9F-44FC-83EE-09A5EA779617}.Release|Any CPU.Build.0 = Release|Any CPU
	EndGlobalSection
	GlobalSection(SolutionProperties) = preSolution
		HideSolutionNode = FALSE
	EndGlobalSection
EndGlobal
